<?xml version="1.0" encoding="utf-8"?>
<Project ToolsVersion="4.0" xmlns="http://schemas.microsoft.com/developer/msbuild/2003">
  <ItemGroup>
    <Filter Include="Default">
      <UniqueIdentifier>{0fd233c8-1155-45c4-948c-7494157a77e8}</UniqueIdentifier>
    </Filter>
    <Filter Include="Default\리소스 파일">
      <UniqueIdentifier>{67DA6AB6-F800-4c08-8B7A-83BB121AAD01}</UniqueIdentifier>
      <Extensions>rc;ico;cur;bmp;dlg;rc2;rct;bin;rgs;gif;jpg;jpeg;jpe;resx;tiff;tif;png;wav;mfcribbon-ms</Extensions>
    </Filter>
    <Filter Include="PlayGround">
      <UniqueIdentifier>{7ff80499-ad2f-4f90-b10c-cb429c012db4}</UniqueIdentifier>
    </Filter>
    <Filter Include="PlayGround\Objects">
      <UniqueIdentifier>{fd2030ca-cd15-4610-b743-cfeabc5afa74}</UniqueIdentifier>
    </Filter>
    <Filter Include="GlobalHeaders">
      <UniqueIdentifier>{0fbe6dd2-68b9-446c-9237-ff13eec77e02}</UniqueIdentifier>
    </Filter>
  </ItemGroup>
  <ItemGroup>
    <ClInclude Include="Project\Framework\targetver.h">
      <Filter>Default</Filter>
    </ClInclude>
    <ClInclude Include="Project\Framework\framework.h">
      <Filter>Default</Filter>
    </ClInclude>
    <ClInclude Include="Project\App\EntryPoint.h">
      <Filter>PlayGround</Filter>
    </ClInclude>
    <ClInclude Include="Project\App\PlayGround.h">
      <Filter>PlayGround\Objects</Filter>
    </ClInclude>
    <ClInclude Include="Project\Gameplay\Actors\GameObjectBase.h" />
    <ClInclude Include="Project\EngineSystems\Input\InputManager.h" />
    <ClInclude Include="Project\Gameplay\Actors\Stage\UnitBase.h" />
    <ClInclude Include="Project\Gameplay\Components\ComponentBase.h" />
    <ClInclude Include="Project\Gameplay\Components\Transform.h" />
    <ClInclude Include="Project\Gameplay\Actors\Stage\StagePlayer.h" />
    <ClInclude Include="Project\EngineSystems\Render\RenderChain.h" />
    <ClInclude Include="Project\Core\Base\Bases.h" />
    <ClInclude Include="Project\Core\Interface\Interfaces.h" />
    <ClInclude Include="Project\Core\Base\Defines.h" />
    <ClInclude Include="Project\Core\Math\Geometry2D.h" />
    <ClInclude Include="Project\Core\Math\Vector3.h" />
    <ClInclude Include="Project\Framework\Resource.h" />
    <ClInclude Include="Project\Gameplay\World\Background.h" />
    <ClInclude Include="Project\Gameplay\World\NavMesh.h" />
    <ClInclude Include="Project\Core\Math\MathFunctions.h" />
    <ClInclude Include="Project\Gameplay\Actors\Stage\ExpDust.h" />
    <ClInclude Include="Project\Gameplay\Components\Collider.h" />
    <ClInclude Include="Project\Gameplay\Components\SphereCollider.h" />
    <ClInclude Include="Project\Gameplay\Components\RectCollider.h" />
    <ClInclude Include="Project\Core\Math\Random.h" />
    <ClInclude Include="Project\EngineSystems\Physics\CollisionManager.h" />
    <ClInclude Include="Project\Gameplay\Components\Movement.h" />
    <ClInclude Include="Project\Gameplay\Components\Combat.h" />
    <ClInclude Include="Project\Gameplay\Components\Status.h" />
    <ClInclude Include="Project\Gameplay\Components\PlayerMovement.h" />
    <ClInclude Include="Project\Gameplay\Components\NonPlayableMovement.h" />
    <ClInclude Include="Project\Gameplay\GamePlaySystems\StageManager.h" />
    <ClInclude Include="Project\Gameplay\GamePlaySystems\GameState.h" />
    <ClInclude Include="Project\Gameplay\Scenes\Scene.h" />
    <ClInclude Include="Project\Gameplay\GamePlaySystems\SceneManager.h" />
    <ClInclude Include="Project\Gameplay\Scenes\IntroScene.h" />
    <ClInclude Include="Project\Core\Base\Extern.h" />
    <ClInclude Include="Project\Gameplay\Scenes\LoadingScene.h" />
    <ClInclude Include="Project\Gameplay\Scenes\InGameScene.h" />
    <ClInclude Include="Project\Gameplay\Scenes\OutGameScene.h" />
    <ClInclude Include="Project\Gameplay\UI\UIBase.h" />
    <ClInclude Include="Project\Gameplay\UI\Elements\Button.h" />
    <ClInclude Include="Project\Core\Base\DrawFunctions.h" />
    <ClInclude Include="Project\EngineSystems\Timer\Timer.h" />
    <ClInclude Include="Project\Gameplay\GamePlaySystems\ObjectManager.h" />
    <ClInclude Include="Project\Gameplay\GamePlaySystems\UIManager.h" />
    <ClInclude Include="Project\Gameplay\Actors\Stage\Enemy.h" />
    <ClInclude Include="Project\EngineSystems\Json\JsonDataManager.h" />
    <ClInclude Include="Project\Gameplay\GamePlaySystems\Json\EnemyDataManager.h" />
    <ClInclude Include="Project\Gameplay\Common\CommonGamePlayType.h" />
    <ClInclude Include="Project\Gameplay\UI\Elements\Text.h" />
    <ClInclude Include="Project\Gameplay\UI\Elements\ProgressBar.h" />
    <ClInclude Include="Project\Gameplay\Common\CommonGamePlayDefine.h" />
    <ClInclude Include="Project\Gameplay\UI\Widgets\WidgetBase.h" />
    <ClInclude Include="Project\Gameplay\UI\Widgets\HpBar.h" />
    <ClInclude Include="Project\Gameplay\UI\Widgets\DamageFont.h" />
    <ClInclude Include="Project\Gameplay\GamePlaySystems\Json\PlayableCharacterDataManager.h" />
    <ClInclude Include="Project\Gameplay\Actors\Projectile\Bullet.h" />
    <ClInclude Include="Project\Gameplay\UI\Views\OutGameMainView.h" />
    <ClInclude Include="Project\Gameplay\UI\Views\OutGameAttributeView.h" />
    <ClInclude Include="Project\Gameplay\UI\Elements\Grid.h" />
    <ClInclude Include="Project\Gameplay\UI\Widgets\AttributeNodeTree.h" />
    <ClInclude Include="Project\Gameplay\UI\Widgets\AttributeNode.h" />
    <ClInclude Include="Project\Gameplay\GamePlaySystems\Json\AttributeNodeDataManager.h" />
    <ClInclude Include="Project\Gameplay\UI\Widgets\AttributeNodeToolTip.h" />
    <ClInclude Include="Project\Gameplay\GamePlaySystems\Json\UserDataManager.h" />
    <ClInclude Include="Project\Gameplay\GamePlaySystems\UserProfile.h" />
    <ClInclude Include="Project\Core\Base\UtilityFunctions.h" />
    <ClInclude Include="Project\Gameplay\GamePlaySystems\RunState.h" />
    <ClInclude Include="Project\Gameplay\UI\Views\InGamePauseView.h" />
    <ClInclude Include="Project\Gameplay\UI\Views\InGameResultView.h" />
    <ClInclude Include="Project\Gameplay\UI\Views\InGamePlayView.h" />
    <ClInclude Include="Project\Gameplay\Common\CommonGamePlayFunctions.h" />
    <ClInclude Include="Project\Gameplay\Actors\Props\Props.h" />
    <ClInclude Include="Project\Gameplay\Actors\Props\Dust.h" />
    <ClInclude Include="Project\Gameplay\GamePlaySystems\Json\StageJsonDataManager.h" />
    <ClInclude Include="Project\Gameplay\GamePlaySystems\Skills\SkillBase.h" />
    <ClInclude Include="Project\Gameplay\GamePlaySystems\SkillManager.h" />
    <ClInclude Include="Project\Gameplay\GamePlaySystems\Skills\Dust_AtmosphericCorrosion.h" />
    <ClInclude Include="Project\Gameplay\GamePlaySystems\Skills\Dust_DustGust.h" />
    <ClInclude Include="Project\Gameplay\GamePlaySystems\Skills\DustGustObject.h" />
    <ClInclude Include="Project\Gameplay\GamePlaySystems\Json\SkillJsonDataManager.h" />
    <ClInclude Include="Project\Gameplay\GamePlaySystems\Skills\AtmosphericCorrosionObject.h" />
    <ClInclude Include="Project\Gameplay\GamePlaySystems\Skills\SkillObjectBase.h" />
    <ClInclude Include="Project\Gameplay\GamePlaySystems\Skills\Dust_DarkSight.h" />
    <ClInclude Include="Project\Gameplay\GamePlaySystems\Skills\DarkSightObject.h" />
    <ClInclude Include="Project\Gameplay\GamePlaySystems\Skills\Dust_LintSatellite.h" />
    <ClInclude Include="Project\Gameplay\GamePlaySystems\Skills\LintSatelliteObject.h" />
    <ClInclude Include="Project\EngineSystems\Render\GraphicResourceManager.h" />
    <ClInclude Include="Project\EngineSystems\Render\CameraManager.h" />
    <ClInclude Include="Project\EngineSystems\Render\ParticleService.h" />
    <ClInclude Include="Project\Core\Math\Vector2.h" />
    <ClInclude Include="Project\EngineSystems\Render\ParticleData.h" />
    <ClInclude Include="Project\Gameplay\GamePlaySystems\Json\ParticleDataManager.h" />
    <ClInclude Include="Project\Gameplay\Components\EllipseCollider.h" />
    <ClInclude Include="Project\EngineSystems\Debug\RunTimeDebuggingAssistant.h" />
    <ClInclude Include="Project\EngineSystems\Debug\RunTimeDebugWindow.h" />
    <ClInclude Include="Project\EngineSystems\Debug\DebugWindowElement.h" />
    <ClInclude Include="Project\EngineSystems\Debug\DWE_Text.h" />
    <ClInclude Include="Project\EngineSystems\Debug\DebugAssistantHeader.h" />
    <ClInclude Include="Project\EngineSystems\Debug\DWE_CheckBox.h" />
    <ClInclude Include="Project\EngineSystems\Debug\DWE_Button.h" />
    <ClInclude Include="Project\Gameplay\Actors\Town\TownPlayer.h" />
    <ClInclude Include="Project\Gameplay\Components\TownInteraction.h" />
    <ClInclude Include="Project\Gameplay\Actors\Town\TownNpc.h" />
  </ItemGroup>
  <ItemGroup>
    <ResourceCompile Include="Project\Framework\PlayGround.rc">
      <Filter>Default\리소스 파일</Filter>
    </ResourceCompile>
  </ItemGroup>
  <ItemGroup>
    <Image Include="small.ico">
      <Filter>Default\리소스 파일</Filter>
    </Image>
    <Image Include="PlayGround.ico">
      <Filter>Default\리소스 파일</Filter>
    </Image>
  </ItemGroup>
  <ItemGroup>
    <ClCompile Include="Project\App\EntryPoint.cpp">
      <Filter>PlayGround</Filter>
    </ClCompile>
    <ClCompile Include="Project\App\PlayGround.cpp">
      <Filter>PlayGround\Objects</Filter>
    </ClCompile>
    <ClCompile Include="Project\Gameplay\Actors\GameObjectBase.cpp" />
    <ClCompile Include="Project\EngineSystems\Input\InputManager.cpp" />
    <ClCompile Include="Project\Gameplay\Actors\Stage\UnitBase.cpp" />
    <ClCompile Include="Project\Gameplay\Components\ComponentBase.cpp" />
    <ClCompile Include="Project\Gameplay\Components\Transform.cpp" />
    <ClCompile Include="Project\Gameplay\Actors\Stage\StagePlayer.cpp" />
    <ClCompile Include="Project\EngineSystems\Render\RenderChain.cpp" />
    <ClCompile Include="Project\Framework\pch.cpp" />
    <ClCompile Include="Project\Gameplay\World\Background.cpp" />
    <ClCompile Include="Project\Gameplay\World\NavMesh.cpp" />
    <ClCompile Include="Project\Gameplay\Actors\Stage\ExpDust.cpp" />
    <ClCompile Include="Project\Gameplay\Components\Collider.cpp" />
    <ClCompile Include="Project\Gameplay\Components\SphereCollider.cpp" />
    <ClCompile Include="Project\Gameplay\Components\RectCollider.cpp" />
    <ClCompile Include="Project\Core\Math\Random.cpp" />
    <ClCompile Include="Project\EngineSystems\Physics\CollisionManager.cpp" />
    <ClCompile Include="Project\Gameplay\Components\Movement.cpp" />
    <ClCompile Include="Project\Gameplay\Components\Combat.cpp" />
    <ClCompile Include="Project\Gameplay\Components\Status.cpp" />
    <ClCompile Include="Project\Gameplay\Components\PlayerMovement.cpp" />
    <ClCompile Include="Project\Gameplay\Components\NonPlayableMovement.cpp" />
    <ClCompile Include="Project\Gameplay\GamePlaySystems\StageManager.cpp" />
    <ClCompile Include="Project\Gameplay\GamePlaySystems\GameState.cpp" />
    <ClCompile Include="Project\Core\Math\Geometry2D.cpp" />
    <ClCompile Include="Project\Gameplay\Scenes\Scene.cpp" />
    <ClCompile Include="Project\Gameplay\GamePlaySystems\SceneManager.cpp" />
    <ClCompile Include="Project\Gameplay\Scenes\IntroScene.cpp" />
    <ClCompile Include="Project\Gameplay\Scenes\LoadingScene.cpp" />
    <ClCompile Include="Project\Gameplay\Scenes\InGameScene.cpp" />
    <ClCompile Include="Project\Gameplay\Scenes\OutGameScene.cpp" />
    <ClCompile Include="Project\Gameplay\UI\UIBase.cpp" />
    <ClCompile Include="Project\Gameplay\UI\Elements\Button.cpp" />
    <ClCompile Include="Project\Core\Base\DrawFunctions.cpp" />
    <ClCompile Include="Project\EngineSystems\Timer\Timer.cpp" />
    <ClCompile Include="Project\Gameplay\GamePlaySystems\ObjectManager.cpp" />
    <ClCompile Include="Project\Gameplay\GamePlaySystems\UIManager.cpp" />
    <ClCompile Include="Project\Gameplay\Actors\Stage\Enemy.cpp" />
    <ClCompile Include="Project\EngineSystems\Json\JsonDataManager.cpp" />
    <ClCompile Include="Project\Gameplay\GamePlaySystems\Json\EnemyDataManager.cpp" />
    <ClCompile Include="Project\Gameplay\UI\Elements\Text.cpp" />
    <ClCompile Include="Project\Gameplay\UI\Elements\ProgressBar.cpp" />
    <ClCompile Include="Project\Gameplay\UI\Widgets\WidgetBase.cpp" />
    <ClCompile Include="Project\Gameplay\UI\Widgets\HpBar.cpp" />
    <ClCompile Include="Project\Gameplay\UI\Widgets\DamageFont.cpp" />
    <ClCompile Include="Project\Gameplay\GamePlaySystems\Json\PlayableCharacterDataManager.cpp" />
    <ClCompile Include="Project\Gameplay\Actors\Projectile\Bullet.cpp" />
    <ClCompile Include="Project\Gameplay\UI\Views\OutGameMainView.cpp" />
    <ClCompile Include="Project\Gameplay\UI\Views\OutGameAttributeView.cpp" />
    <ClCompile Include="Project\Gameplay\UI\Elements\Grid.cpp" />
    <ClCompile Include="Project\Gameplay\UI\Widgets\AttributeNodeTree.cpp" />
    <ClCompile Include="Project\Gameplay\UI\Widgets\AttributeNode.cpp" />
    <ClCompile Include="Project\Gameplay\GamePlaySystems\Json\AttributeNodeDataManager.cpp" />
    <ClCompile Include="Project\Gameplay\UI\Widgets\AttributeNodeToolTip.cpp" />
    <ClCompile Include="Project\Gameplay\GamePlaySystems\Json\UserDataManager.cpp" />
    <ClCompile Include="Project\Gameplay\GamePlaySystems\UserProfile.cpp" />
    <ClCompile Include="Project\Gameplay\GamePlaySystems\RunState.cpp" />
    <ClCompile Include="Project\Gameplay\UI\Views\InGamePauseView.cpp" />
    <ClCompile Include="Project\Gameplay\UI\Views\InGameResultView.cpp" />
    <ClCompile Include="Project\Gameplay\UI\Views\InGamePlayView.cpp" />
    <ClCompile Include="Project\Gameplay\Actors\Props\Props.cpp" />
    <ClCompile Include="Project\Gameplay\Actors\Props\Dust.cpp" />
    <ClCompile Include="Project\Gameplay\GamePlaySystems\Json\StageJsonDataManager.cpp" />
    <ClCompile Include="Project\Gameplay\GamePlaySystems\Skills\SkillBase.cpp" />
    <ClCompile Include="Project\Gameplay\GamePlaySystems\SkillManager.cpp" />
    <ClCompile Include="Project\Gameplay\GamePlaySystems\Skills\Dust_AtmosphericCorrosion.cpp" />
    <ClCompile Include="Project\Gameplay\GamePlaySystems\Skills\Dust_DustGust.cpp" />
    <ClCompile Include="Project\Gameplay\GamePlaySystems\Skills\DustGustObject.cpp" />
    <ClCompile Include="Project\Gameplay\GamePlaySystems\Json\SkillJsonDataManager.cpp" />
    <ClCompile Include="Project\Gameplay\GamePlaySystems\Skills\AtmosphericCorrosionObject.cpp" />
    <ClCompile Include="Project\Gameplay\GamePlaySystems\Skills\SkillObjectBase.cpp" />
    <ClCompile Include="Project\Gameplay\GamePlaySystems\Skills\Dust_DarkSight.cpp" />
    <ClCompile Include="Project\Gameplay\GamePlaySystems\Skills\DarkSightObject.cpp" />
    <ClCompile Include="Project\Gameplay\GamePlaySystems\Skills\Dust_LintSatellite.cpp" />
    <ClCompile Include="Project\Gameplay\GamePlaySystems\Skills\LintSatelliteObject.cpp" />
    <ClCompile Include="Project\EngineSystems\Render\GraphicResourceManager.cpp" />
    <ClCompile Include="Project\EngineSystems\Render\CameraManager.cpp" />
    <ClCompile Include="Project\EngineSystems\Render\ParticleService.cpp" />
    <ClCompile Include="Project\Core\Math\Vector2.cpp" />
    <ClCompile Include="Project\Gameplay\GamePlaySystems\Json\ParticleDataManager.cpp" />
    <ClCompile Include="Project\Gameplay\Components\EllipseCollider.cpp" />
    <ClCompile Include="Project\EngineSystems\Debug\RunTimeDebuggingAssistant.cpp" />
    <ClCompile Include="Project\EngineSystems\Debug\RunTimeDebugWindow.cpp" />
    <ClCompile Include="Project\EngineSystems\Debug\DebugWindowElement.cpp" />
    <ClCompile Include="Project\EngineSystems\Debug\DWE_Text.cpp" />
    <ClCompile Include="Project\EngineSystems\Debug\DWE_CheckBox.cpp" />
    <ClCompile Include="Project\EngineSystems\Debug\DWE_Button.cpp" />
    <ClCompile Include="Project\Gameplay\Actors\Town\TownPlayer.cpp" />
    <ClCompile Include="Project\Gameplay\Components\TownInteraction.cpp" />
    <ClCompile Include="Project\Gameplay\Actors\Town\TownNpc.cpp" />
  </ItemGroup>
</Project>