<?xml version="1.0" encoding="utf-8"?>
<Project ToolsVersion="4.0" xmlns="http://schemas.microsoft.com/developer/msbuild/2003">
  <ItemGroup>
    <Filter Include="Default">
      <UniqueIdentifier>{0fd233c8-1155-45c4-948c-7494157a77e8}</UniqueIdentifier>
    </Filter>
    <Filter Include="Default\리소스 파일">
      <UniqueIdentifier>{67DA6AB6-F800-4c08-8B7A-83BB121AAD01}</UniqueIdentifier>
      <Extensions>rc;ico;cur;bmp;dlg;rc2;rct;bin;rgs;gif;jpg;jpeg;jpe;resx;tiff;tif;png;wav;mfcribbon-ms</Extensions>
    </Filter>
    <Filter Include="PlayGround">
      <UniqueIdentifier>{7ff80499-ad2f-4f90-b10c-cb429c012db4}</UniqueIdentifier>
    </Filter>
    <Filter Include="PlayGround\Objects">
      <UniqueIdentifier>{fd2030ca-cd15-4610-b743-cfeabc5afa74}</UniqueIdentifier>
    </Filter>
    <Filter Include="GlobalHeaders">
      <UniqueIdentifier>{0fbe6dd2-68b9-446c-9237-ff13eec77e02}</UniqueIdentifier>
    </Filter>
  </ItemGroup>
  <ItemGroup>
    <ClInclude Include="Project\Framework\targetver.h">
      <Filter>Default</Filter>
    </ClInclude>
    <ClInclude Include="Project\Framework\framework.h">
      <Filter>Default</Filter>
    </ClInclude>
    <ClInclude Include="Project\App\EntryPoint.h">
      <Filter>PlayGround</Filter>
    </ClInclude>
    <ClInclude Include="Project\App\PlayGround.h">
      <Filter>PlayGround\Objects</Filter>
    </ClInclude>
    <ClInclude Include="Project\Gameplay\Actors\GameObjectBase.h" />
    <ClInclude Include="Project\EngineSystems\Input\InputManager.h" />
    <ClInclude Include="Project\Gameplay\Actors\Unit.h" />
    <ClInclude Include="Project\Gameplay\Components\ComponentBase.h" />
    <ClInclude Include="Project\Gameplay\Components\Transform.h" />
    <ClInclude Include="Project\Gameplay\Actors\Player.h" />
    <ClInclude Include="Project\EngineSystems\Render\RenderChain.h" />
    <ClInclude Include="Project\Core\Base\Bases.h" />
    <ClInclude Include="Project\Core\Interface\Interfaces.h" />
    <ClInclude Include="Project\Core\Base\Defines.h" />
    <ClInclude Include="Project\Core\Math\Geometry2D.h" />
    <ClInclude Include="Project\Core\Math\Vector3.h" />
    <ClInclude Include="Project\Framework\Resource.h" />
    <ClInclude Include="Project\Gameplay\World\Background.h" />
    <ClInclude Include="Project\Gameplay\World\NavMesh.h" />
    <ClInclude Include="Project\Core\Math\MathFunctions.h" />
    <ClInclude Include="Project\Gameplay\Actors\ExpDust.h" />
    <ClInclude Include="Project\Gameplay\Components\Collider.h" />
    <ClInclude Include="Project\Gameplay\Components\SphereCollider.h" />
    <ClInclude Include="Project\Gameplay\Components\RectCollider.h" />
    <ClInclude Include="Project\Core\Math\Random.h" />
    <ClInclude Include="Project\EngineSystems\Physics\CollisionManager.h" />
    <ClInclude Include="Project\Gameplay\Components\Movement.h" />
    <ClInclude Include="Project\Gameplay\Components\Combat.h" />
    <ClInclude Include="Project\Gameplay\Components\Status.h" />
    <ClInclude Include="Project\Gameplay\Components\PlayableMovement.h" />
    <ClInclude Include="Project\Gameplay\Components\NonPlayableMovement.h" />
    <ClInclude Include="Project\Gameplay\GamePlaySystems\StageManager.h" />
    <ClInclude Include="Project\Gameplay\GamePlaySystems\GameState.h" />
    <ClInclude Include="Project\Gameplay\Scenes\Scene.h" />
    <ClInclude Include="Project\Gameplay\GamePlaySystems\SceneManager.h" />
    <ClInclude Include="Project\Gameplay\Scenes\IntroScene.h" />
    <ClInclude Include="Project\Core\Base\Extern.h" />
    <ClInclude Include="Project\Gameplay\Scenes\LoadingScene.h" />
    <ClInclude Include="Project\Gameplay\Scenes\GamePlayScene.h" />
    <ClInclude Include="Project\Gameplay\Scenes\LobbyScene.h" />
    <ClInclude Include="Project\Gameplay\UI\UIBase.h" />
    <ClInclude Include="Project\Gameplay\UI\UIButton.h" />
    <ClInclude Include="Project\Core\Base\DrawFunctions.h" />
    <ClInclude Include="Project\EngineSystems\Timer\Timer.h" />
    <ClInclude Include="Project\Gameplay\GamePlaySystems\ObjectManager.h" />
    <ClInclude Include="Project\Gameplay\GamePlaySystems\UIManager.h" />
    <ClInclude Include="Project\Gameplay\Actors\Enemy.h" />
  </ItemGroup>
  <ItemGroup>
    <ResourceCompile Include="Project\Framework\PlayGround.rc">
      <Filter>Default\리소스 파일</Filter>
    </ResourceCompile>
  </ItemGroup>
  <ItemGroup>
    <Image Include="small.ico">
      <Filter>Default\리소스 파일</Filter>
    </Image>
    <Image Include="PlayGround.ico">
      <Filter>Default\리소스 파일</Filter>
    </Image>
  </ItemGroup>
  <ItemGroup>
    <ClCompile Include="Project\App\EntryPoint.cpp">
      <Filter>PlayGround</Filter>
    </ClCompile>
    <ClCompile Include="Project\App\PlayGround.cpp">
      <Filter>PlayGround\Objects</Filter>
    </ClCompile>
    <ClCompile Include="Project\Gameplay\Actors\GameObjectBase.cpp" />
    <ClCompile Include="Project\EngineSystems\Input\InputManager.cpp" />
    <ClCompile Include="Project\Gameplay\Actors\Unit.cpp" />
    <ClCompile Include="Project\Gameplay\Components\ComponentBase.cpp" />
    <ClCompile Include="Project\Gameplay\Components\Transform.cpp" />
    <ClCompile Include="Project\Gameplay\Actors\Player.cpp" />
    <ClCompile Include="Project\EngineSystems\Render\RenderChain.cpp" />
    <ClCompile Include="Project\Framework\pch.cpp" />
    <ClCompile Include="Project\Gameplay\World\Background.cpp" />
    <ClCompile Include="Project\Gameplay\World\NavMesh.cpp" />
    <ClCompile Include="Project\Gameplay\Actors\ExpDust.cpp" />
    <ClCompile Include="Project\Gameplay\Components\Collider.cpp" />
    <ClCompile Include="Project\Gameplay\Components\SphereCollider.cpp" />
    <ClCompile Include="Project\Gameplay\Components\RectCollider.cpp" />
    <ClCompile Include="Project\Core\Math\Random.cpp" />
    <ClCompile Include="Project\EngineSystems\Physics\CollisionManager.cpp" />
    <ClCompile Include="Project\Gameplay\Components\Movement.cpp" />
    <ClCompile Include="Project\Gameplay\Components\Combat.cpp" />
    <ClCompile Include="Project\Gameplay\Components\Status.cpp" />
    <ClCompile Include="Project\Gameplay\Components\PlayableMovement.cpp" />
    <ClCompile Include="Project\Gameplay\Components\NonPlayableMovement.cpp" />
    <ClCompile Include="Project\Gameplay\GamePlaySystems\StageManager.cpp" />
    <ClCompile Include="Project\Gameplay\GamePlaySystems\GameState.cpp" />
    <ClCompile Include="Project\Core\Math\Geometry2D.cpp" />
    <ClCompile Include="Project\Gameplay\Scenes\Scene.cpp" />
    <ClCompile Include="Project\Gameplay\GamePlaySystems\SceneManager.cpp" />
    <ClCompile Include="Project\Gameplay\Scenes\IntroScene.cpp" />
    <ClCompile Include="Project\Gameplay\Scenes\LoadingScene.cpp" />
    <ClCompile Include="Project\Gameplay\Scenes\GamePlayScene.cpp" />
    <ClCompile Include="Project\Gameplay\Scenes\LobbyScene.cpp" />
    <ClCompile Include="Project\Gameplay\UI\UIBase.cpp" />
    <ClCompile Include="Project\Gameplay\UI\UIButton.cpp" />
    <ClCompile Include="Project\Core\Base\DrawFunctions.cpp" />
    <ClCompile Include="Project\EngineSystems\Timer\Timer.cpp" />
    <ClCompile Include="Project\Gameplay\GamePlaySystems\ObjectManager.cpp" />
    <ClCompile Include="Project\Gameplay\GamePlaySystems\UIManager.cpp" />
    <ClCompile Include="Project\Gameplay\Actors\Enemy.cpp" />
  </ItemGroup>
</Project>